{
  "lockfile_version": "1",
  "packages": {
    "bun@latest": {
      "last_modified": "2026-05-03T16:35:46Z",
      "resolved": "github:NixOS/nixpkgs/73c703c22422b8951895a960959dbbaca7296492#bun",
      "source": "devbox-search",
      "version": "1.3.13",
      "systems": {
        "aarch64-darwin": {
          "outputs": [
            {
              "name": "out",
              "path": "/nix/store/i4rqz2p2bayrl6pv9l36y4fzhqx7k1zv-bun-1.3.13",
              "default": true
            }
          ],
          "store_path": "/nix/store/i4rqz2p2bayrl6pv9l36y4fzhqx7k1zv-bun-1.3.13"
        },
        "aarch64-linux": {
          "outputs": [
            {
              "name": "out",
              "path": "/nix/store/1q2xsp98qhjy6rsz3nga795c3mgsjhia-bun-1.3.13",
              "default": true
            }
          ],
          "store_path": "/nix/store/1q2xsp98qhjy6rsz3nga795c3mgsjhia-bun-1.3.13"
        },
        "x86_64-darwin": {
          "outputs": [
            {
              "name": "out",
              "path": "/nix/store/31jsiwr1nq8pi4jvyjpq0zi28a4fyay0-bun-1.3.13",
              "default": true
            }
          ],
          "store_path": "/nix/store/31jsiwr1nq8pi4jvyjpq0zi28a4fyay0-bun-1.3.13"
        },
        "x86_64-linux": {
          "outputs": [
            {
              "name": "out",
              "path": "/nix/store/g0zlmqvkvn41xqva3460jfzpazivywvi-bun-1.3.13",
              "default": true
            }
          ],
          "store_path": "/nix/store/g0zlmqvkvn41xqva3460jfzpazivywvi-bun-1.3.13"
        }
      }
    },
    "github:NixOS/nixpkgs/nixpkgs-unstable": {
      "last_modified": "2026-05-11T00:16:55Z",
      "resolved": "github:NixOS/nixpkgs/c6e5ca3c836a5f4dd9af9f2c1fc1c38f0fac988a?lastModified=1778458615&narHash=sha256-cY07EsdhBJ8tFXPzDYevgqxRev9ZLxFonuq9wmq5kwg%3D"
    }
  }
}
